// !$*UTF8*$!
{
	archiveVersion = 1;
	classes = {
	};
	objectVersion = 56;
	objects = {

/* Begin PBXBuildFile section */
		3AB283F72A9EF81600ACF944 /* AppDelegate.swift in Sources */ = {isa = PBXBuildFile; fileRef = 3AB283F62A9EF81600ACF944 /* AppDelegate.swift */; };
		3AB283F92A9EF81600ACF944 /* SceneDelegate.swift in Sources */ = {isa = PBXBuildFile; fileRef = 3AB283F82A9EF81600ACF944 /* SceneDelegate.swift */; };
		3AB283FB2A9EF81600ACF944 /* ViewController.swift in Sources */ = {isa = PBXBuildFile; fileRef = 3AB283FA2A9EF81600ACF944 /* ViewController.swift */; };
		3AB283FE2A9EF81600ACF944 /* Main.storyboard in Resources */ = {isa = PBXBuildFile; fileRef = 3AB283FC2A9EF81600ACF944 /* Main.storyboard */; };
		3AB284002A9EF81700ACF944 /* Assets.xcassets in Resources */ = {isa = PBXBuildFile; fileRef = 3AB283FF2A9EF81700ACF944 /* Assets.xcassets */; };
		3AB284032A9EF81700ACF944 /* LaunchScreen.storyboard in Resources */ = {isa = PBXBuildFile; fileRef = 3AB284012A9EF81700ACF944 /* LaunchScreen.storyboard */; };
		3AB2840E2A9EF81700ACF944 /* NearTruckTests.swift in Sources */ = {isa = PBXBuildFile; fileRef = 3AB2840D2A9EF81700ACF944 /* NearTruckTests.swift */; };
		3AB284182A9EF81700ACF944 /* NearTruckUITests.swift in Sources */ = {isa = PBXBuildFile; fileRef = 3AB284172A9EF81700ACF944 /* NearTruckUITests.swift */; };
		3AB2841A2A9EF81700ACF944 /* NearTruckUITestsLaunchTests.swift in Sources */ = {isa = PBXBuildFile; fileRef = 3AB284192A9EF81700ACF944 /* NearTruckUITestsLaunchTests.swift */; };
/* End PBXBuildFile section */

/* Begin PBXContainerItemProxy section */
		3AB2840A2A9EF81700ACF944 /* PBXContainerItemProxy */ = {
			isa = PBXContainerItemProxy;
			containerPortal = 3AB283EB2A9EF81600ACF944 /* Project object */;
			proxyType = 1;
			remoteGlobalIDString = 3AB283F22A9EF81600ACF944;
			remoteInfo = NearTruck;
		};
		3AB284142A9EF81700ACF944 /* PBXContainerItemProxy */ = {
			isa = PBXContainerItemProxy;
			containerPortal = 3AB283EB2A9EF81600ACF944 /* Project object */;
			proxyType = 1;
			remoteGlobalIDString = 3AB283F22A9EF81600ACF944;
			remoteInfo = NearTruck;
		};
/* End PBXContainerItemProxy section */

/* Begin PBXFileReference section */
		3AB283F32A9EF81600ACF944 /* NearTruck.app */ = {isa = PBXFileReference; explicitFileType = wrapper.application; includeInIndex = 0; path = NearTruck.app; sourceTree = BUILT_PRODUCTS_DIR; };
		3AB283F62A9EF81600ACF944 /* AppDelegate.swift */ = {isa = PBXFileReference; lastKnownFileType = sourcecode.swift; path = AppDelegate.swift; sourceTree = "<group>"; };
		3AB283F82A9EF81600ACF944 /* SceneDelegate.swift */ = {isa = PBXFileReference; lastKnownFileType = sourcecode.swift; path = SceneDelegate.swift; sourceTree = "<group>"; };
		3AB283FA2A9EF81600ACF944 /* ViewController.swift */ = {isa = PBXFileReference; lastKnownFileType = sourcecode.swift; path = ViewController.swift; sourceTree = "<group>"; };
		3AB283FD2A9EF81600ACF944 /* Base */ = {isa = PBXFileReference; lastKnownFileType = file.storyboard; name = Base; path = Base.lproj/Main.storyboard; sourceTree = "<group>"; };
		3AB283FF2A9EF81700ACF944 /* Assets.xcassets */ = {isa = PBXFileReference; lastKnownFileType = folder.assetcatalog; path = Assets.xcassets; sourceTree = "<group>"; };
		3AB284022A9EF81700ACF944 /* Base */ = {isa = PBXFileReference; lastKnownFileType = file.storyboard; name = Base; path = Base.lproj/LaunchScreen.storyboard; sourceTree = "<group>"; };
		3AB284042A9EF81700ACF944 /* Info.plist */ = {isa = PBXFileReference; lastKnownFileType = text.plist.xml; path = Info.plist; sourceTree = "<group>"; };
		3AB284092A9EF81700ACF944 /* NearTruckTests.xctest */ = {isa = PBXFileReference; explicitFileType = wrapper.cfbundle; includeInIndex = 0; path = NearTruckTests.xctest; sourceTree = BUILT_PRODUCTS_DIR; };
		3AB2840D2A9EF81700ACF944 /* NearTruckTests.swift */ = {isa = PBXFileReference; lastKnownFileType = sourcecode.swift; path = NearTruckTests.swift; sourceTree = "<group>"; };
		3AB284132A9EF81700ACF944 /* NearTruckUITests.xctest */ = {isa = PBXFileReference; explicitFileType = wrapper.cfbundle; includeInIndex = 0; path = NearTruckUITests.xctest; sourceTree = BUILT_PRODUCTS_DIR; };
		3AB284172A9EF81700ACF944 /* NearTruckUITests.swift */ = {isa = PBXFileReference; lastKnownFileType = sourcecode.swift; path = NearTruckUITests.swift; sourceTree = "<group>"; };
		3AB284192A9EF81700ACF944 /* NearTruckUITestsLaunchTests.swift */ = {isa = PBXFileReference; lastKnownFileType = sourcecode.swift; path = NearTruckUITestsLaunchTests.swift; sourceTree = "<group>"; };
/* End PBXFileReference section */

/* Begin PBXFrameworksBuildPhase section */
		3AB283F02A9EF81600ACF944 /* Frameworks */ = {
			isa = PBXFrameworksBuildPhase;
			buildActionMask = 2147483647;
			files = (
			);
			runOnlyForDeploymentPostprocessing = 0;
		};
		3AB284062A9EF81700ACF944 /* Frameworks */ = {
			isa = PBXFrameworksBuildPhase;
			buildActionMask = 2147483647;
			files = (
			);
			runOnlyForDeploymentPostprocessing = 0;
		};
		3AB284102A9EF81700ACF944 /* Frameworks */ = {
			isa = PBXFrameworksBuildPhase;
			buildActionMask = 2147483647;
			files = (
			);
			runOnlyForDeploymentPostprocessing = 0;
		};
/* End PBXFrameworksBuildPhase section */

/* Begin PBXGroup section */
		3AB283EA2A9EF81600ACF944 = {
			isa = PBXGroup;
			children = (
				3AB283F52A9EF81600ACF944 /* NearTruck */,
				3AB2840C2A9EF81700ACF944 /* NearTruckTests */,
				3AB284162A9EF81700ACF944 /* NearTruckUITests */,
				3AB283F42A9EF81600ACF944 /* Products */,
			);
			sourceTree = "<group>";
		};
		3AB283F42A9EF81600ACF944 /* Products */ = {
			isa = PBXGroup;
			children = (
				3AB283F32A9EF81600ACF944 /* NearTruck.app */,
				3AB284092A9EF81700ACF944 /* NearTruckTests.xctest */,
				3AB284132A9EF81700ACF944 /* NearTruckUITests.xctest */,
			);
			name = Products;
			sourceTree = "<group>";
		};
		3AB283F52A9EF81600ACF944 /* NearTruck */ = {
			isa = PBXGroup;
			children = (
				3AB283F62A9EF81600ACF944 /* AppDelegate.swift */,
				3AB283F82A9EF81600ACF944 /* SceneDelegate.swift */,
				3AB283FA2A9EF81600ACF944 /* ViewController.swift */,
				3AB283FC2A9EF81600ACF944 /* Main.storyboard */,
				3AB283FF2A9EF81700ACF944 /* Assets.xcassets */,
				3AB284012A9EF81700ACF944 /* LaunchScreen.storyboard */,
				3AB284042A9EF81700ACF944 /* Info.plist */,
			);
			path = NearTruck;
			sourceTree = "<group>";
		};
		3AB2840C2A9EF81700ACF944 /* NearTruckTests */ = {
			isa = PBXGroup;
			children = (
				3AB2840D2A9EF81700ACF944 /* NearTruckTests.swift */,
			);
			path = NearTruckTests;
			sourceTree = "<group>";
		};
		3AB284162A9EF81700ACF944 /* NearTruckUITests */ = {
			isa = PBXGroup;
			children = (
				3AB284172A9EF81700ACF944 /* NearTruckUITests.swift */,
				3AB284192A9EF81700ACF944 /* NearTruckUITestsLaunchTests.swift */,
			);
			path = NearTruckUITests;
			sourceTree = "<group>";
		};
/* End PBXGroup section */

/* Begin PBXNativeTarget section */
		3AB283F22A9EF81600ACF944 /* NearTruck */ = {
			isa = PBXNativeTarget;
			buildConfigurationList = 3AB2841D2A9EF81700ACF944 /* Build configuration list for PBXNativeTarget "NearTruck" */;
			buildPhases = (
				3AB283EF2A9EF81600ACF944 /* Sources */,
				3AB283F02A9EF81600ACF944 /* Frameworks */,
				3AB283F12A9EF81600ACF944 /* Resources */,
			);
			buildRules = (
			);
			dependencies = (
			);
			name = NearTruck;
			productName = NearTruck;
			productReference = 3AB283F32A9EF81600ACF944 /* NearTruck.app */;
			productType = "com.apple.product-type.application";
		};
		3AB284082A9EF81700ACF944 /* NearTruckTests */ = {
			isa = PBXNativeTarget;
			buildConfigurationList = 3AB284202A9EF81700ACF944 /* Build configuration list for PBXNativeTarget "NearTruckTests" */;
			buildPhases = (
				3AB284052A9EF81700ACF944 /* Sources */,
				3AB284062A9EF81700ACF944 /* Frameworks */,
				3AB284072A9EF81700ACF944 /* Resources */,
			);
			buildRules = (
			);
			dependencies = (
				3AB2840B2A9EF81700ACF944 /* PBXTargetDependency */,
			);
			name = NearTruckTests;
			productName = NearTruckTests;
			productReference = 3AB284092A9EF81700ACF944 /* NearTruckTests.xctest */;
			productType = "com.apple.product-type.bundle.unit-test";
		};
		3AB284122A9EF81700ACF944 /* NearTruckUITests */ = {
			isa = PBXNativeTarget;
			buildConfigurationList = 3AB284232A9EF81700ACF944 /* Build configuration list for PBXNativeTarget "NearTruckUITests" */;
			buildPhases = (
				3AB2840F2A9EF81700ACF944 /* Sources */,
				3AB284102A9EF81700ACF944 /* Frameworks */,
				3AB284112A9EF81700ACF944 /* Resources */,
			);
			buildRules = (
			);
			dependencies = (
				3AB284152A9EF81700ACF944 /* PBXTargetDependency */,
			);
			name = NearTruckUITests;
			productName = NearTruckUITests;
			productReference = 3AB284132A9EF81700ACF944 /* NearTruckUITests.xctest */;
			productType = "com.apple.product-type.bundle.ui-testing";
		};
/* End PBXNativeTarget section */

/* Begin PBXProject section */
		3AB283EB2A9EF81600ACF944 /* Project object */ = {
			isa = PBXProject;
			attributes = {
				BuildIndependentTargetsInParallel = 1;
				LastSwiftUpdateCheck = 1430;
				LastUpgradeCheck = 1430;
				TargetAttributes = {
					3AB283F22A9EF81600ACF944 = {
						CreatedOnToolsVersion = 14.3.1;
					};
					3AB284082A9EF81700ACF944 = {
						CreatedOnToolsVersion = 14.3.1;
						TestTargetID = 3AB283F22A9EF81600ACF944;
					};
					3AB284122A9EF81700ACF944 = {
						CreatedOnToolsVersion = 14.3.1;
						TestTargetID = 3AB283F22A9EF81600ACF944;
					};
				};
			};
			buildConfigurationList = 3AB283EE2A9EF81600ACF944 /* Build configuration list for PBXProject "NearTruck" */;
			compatibilityVersion = "Xcode 14.0";
			developmentRegion = en;
			hasScannedForEncodings = 0;
			knownRegions = (
				en,
				Base,
			);
			mainGroup = 3AB283EA2A9EF81600ACF944;
			productRefGroup = 3AB283F42A9EF81600ACF944 /* Products */;
			projectDirPath = "";
			projectRoot = "";
			targets = (
				3AB283F22A9EF81600ACF944 /* NearTruck */,
				3AB284082A9EF81700ACF944 /* NearTruckTests */,
				3AB284122A9EF81700ACF944 /* NearTruckUITests */,
			);
		};
/* End PBXProject section */

/* Begin PBXResourcesBuildPhase section */
		3AB283F12A9EF81600ACF944 /* Resources */ = {
			isa = PBXResourcesBuildPhase;
			buildActionMask = 2147483647;
			files = (
				3AB284032A9EF81700ACF944 /* LaunchScreen.storyboard in Resources */,
				3AB284002A9EF81700ACF944 /* Assets.xcassets in Resources */,
				3AB283FE2A9EF81600ACF944 /* Main.storyboard in Resources */,
			);
			runOnlyForDeploymentPostprocessing = 0;
		};
		3AB284072A9EF81700ACF944 /* Resources */ = {
			isa = PBXResourcesBuildPhase;
			buildActionMask = 2147483647;
			files = (
			);
			runOnlyForDeploymentPostprocessing = 0;
		};
		3AB284112A9EF81700ACF944 /* Resources */ = {
			isa = PBXResourcesBuildPhase;
			buildActionMask = 2147483647;
			files = (
			);
			runOnlyForDeploymentPostprocessing = 0;
		};
/* End PBXResourcesBuildPhase section */

/* Begin PBXSourcesBuildPhase section */
		3AB283EF2A9EF81600ACF944 /* Sources */ = {
			isa = PBXSourcesBuildPhase;
			buildActionMask = 2147483647;
			files = (
				3AB283FB2A9EF81600ACF944 /* ViewController.swift in Sources */,
				3AB283F72A9EF81600ACF944 /* AppDelegate.swift in Sources */,
				3AB283F92A9EF81600ACF944 /* SceneDelegate.swift in Sources */,
			);
			runOnlyForDeploymentPostprocessing = 0;
		};
		3AB284052A9EF81700ACF944 /* Sources */ = {
			isa = PBXSourcesBuildPhase;
			buildActionMask = 2147483647;
			files = (
				3AB2840E2A9EF81700ACF944 /* NearTruckTests.swift in Sources */,
			);
			runOnlyForDeploymentPostprocessing = 0;
		};
		3AB2840F2A9EF81700ACF944 /* Sources */ = {
			isa = PBXSourcesBuildPhase;
			buildActionMask = 2147483647;
			files = (
				3AB2841A2A9EF81700ACF944 /* NearTruckUITestsLaunchTests.swift in Sources */,
				3AB284182A9EF81700ACF944 /* NearTruckUITests.swift in Sources */,
			);
			runOnlyForDeploymentPostprocessing = 0;
		};
/* End PBXSourcesBuildPhase section */

/* Begin PBXTargetDependency section */
		3AB2840B2A9EF81700ACF944 /* PBXTargetDependency */ = {
			isa = PBXTargetDependency;
			target = 3AB283F22A9EF81600ACF944 /* NearTruck */;
			targetProxy = 3AB2840A2A9EF81700ACF944 /* PBXContainerItemProxy */;
		};
		3AB284152A9EF81700ACF944 /* PBXTargetDependency */ = {
			isa = PBXTargetDependency;
			target = 3AB283F22A9EF81600ACF944 /* NearTruck */;
			targetProxy = 3AB284142A9EF81700ACF944 /* PBXContainerItemProxy */;
		};
/* End PBXTargetDependency section */

/* Begin PBXVariantGroup section */
		3AB283FC2A9EF81600ACF944 /* Main.storyboard */ = {
			isa = PBXVariantGroup;
			children = (
				3AB283FD2A9EF81600ACF944 /* Base */,
			);
			name = Main.storyboard;
			sourceTree = "<group>";
		};
		3AB284012A9EF81700ACF944 /* LaunchScreen.storyboard */ = {
			isa = PBXVariantGroup;
			children = (
				3AB284022A9EF81700ACF944 /* Base */,
			);
			name = LaunchScreen.storyboard;
			sourceTree = "<group>";
		};
/* End PBXVariantGroup section */

/* Begin XCBuildConfiguration section */
		3AB2841B2A9EF81700ACF944 /* Debug */ = {
			isa = XCBuildConfiguration;
			buildSettings = {
				ALWAYS_SEARCH_USER_PATHS = NO;
				CLANG_ANALYZER_NONNULL = YES;
				CLANG_ANALYZER_NUMBER_OBJECT_CONVERSION = YES_AGGRESSIVE;
				CLANG_CXX_LANGUAGE_STANDARD = "gnu++20";
				CLANG_ENABLE_MODULES = YES;
				CLANG_ENABLE_OBJC_ARC = YES;
				CLANG_ENABLE_OBJC_WEAK = YES;
				CLANG_WARN_BLOCK_CAPTURE_AUTORELEASING = YES;
				CLANG_WARN_BOOL_CONVERSION = YES;
				CLANG_WARN_COMMA = YES;
				CLANG_WARN_CONSTANT_CONVERSION = YES;
				CLANG_WARN_DEPRECATED_OBJC_IMPLEMENTATIONS = YES;
				CLANG_WARN_DIRECT_OBJC_ISA_USAGE = YES_ERROR;
				CLANG_WARN_DOCUMENTATION_COMMENTS = YES;
				CLANG_WARN_EMPTY_BODY = YES;
				CLANG_WARN_ENUM_CONVERSION = YES;
				CLANG_WARN_INFINITE_RECURSION = YES;
				CLANG_WARN_INT_CONVERSION = YES;
				CLANG_WARN_NON_LITERAL_NULL_CONVERSION = YES;
				CLANG_WARN_OBJC_IMPLICIT_RETAIN_SELF = YES;
				CLANG_WARN_OBJC_LITERAL_CONVERSION = YES;
				CLANG_WARN_OBJC_ROOT_CLASS = YES_ERROR;
				CLANG_WARN_QUOTED_INCLUDE_IN_FRAMEWORK_HEADER = YES;
				CLANG_WARN_RANGE_LOOP_ANALYSIS = YES;
				CLANG_WARN_STRICT_PROTOTYPES = YES;
				CLANG_WARN_SUSPICIOUS_MOVE = YES;
				CLANG_WARN_UNGUARDED_AVAILABILITY = YES_AGGRESSIVE;
				CLANG_WARN_UNREACHABLE_CODE = YES;
				CLANG_WARN__DUPLICATE_METHOD_MATCH = YES;
				COPY_PHASE_STRIP = NO;
				DEBUG_INFORMATION_FORMAT = dwarf;
				ENABLE_STRICT_OBJC_MSGSEND = YES;
				ENABLE_TESTABILITY = YES;
				GCC_C_LANGUAGE_STANDARD = gnu11;
				GCC_DYNAMIC_NO_PIC = NO;
				GCC_NO_COMMON_BLOCKS = YES;
				GCC_OPTIMIZATION_LEVEL = 0;
				GCC_PREPROCESSOR_DEFINITIONS = (
					"DEBUG=1",
					"$(inherited)",
				);
				GCC_WARN_64_TO_32_BIT_CONVERSION = YES;
				GCC_WARN_ABOUT_RETURN_TYPE = YES_ERROR;
				GCC_WARN_UNDECLARED_SELECTOR = YES;
				GCC_WARN_UNINITIALIZED_AUTOS = YES_AGGRESSIVE;
				GCC_WARN_UNUSED_FUNCTION = YES;
				GCC_WARN_UNUSED_VARIABLE = YES;
				IPHONEOS_DEPLOYMENT_TARGET = 16.4;
				MTL_ENABLE_DEBUG_INFO = INCLUDE_SOURCE;
				MTL_FAST_MATH = YES;
				ONLY_ACTIVE_ARCH = YES;
				SDKROOT = iphoneos;
				SWIFT_ACTIVE_COMPILATION_CONDITIONS = DEBUG;
				SWIFT_OPTIMIZATION_LEVEL = "-Onone";
			};
			name = Debug;
		};
		3AB2841C2A9EF81700ACF944 /* Release */ = {
			isa = XCBuildConfiguration;
			buildSettings = {
				ALWAYS_SEARCH_USER_PATHS = NO;
				CLANG_ANALYZER_NONNULL = YES;
				CLANG_ANALYZER_NUMBER_OBJECT_CONVERSION = YES_AGGRESSIVE;
				CLANG_CXX_LANGUAGE_STANDARD = "gnu++20";
				CLANG_ENABLE_MODULES = YES;
				CLANG_ENABLE_OBJC_ARC = YES;
				CLANG_ENABLE_OBJC_WEAK = YES;
				CLANG_WARN_BLOCK_CAPTURE_AUTORELEASING = YES;
				CLANG_WARN_BOOL_CONVERSION = YES;
				CLANG_WARN_COMMA = YES;
				CLANG_WARN_CONSTANT_CONVERSION = YES;
				CLANG_WARN_DEPRECATED_OBJC_IMPLEMENTATIONS = YES;
				CLANG_WARN_DIRECT_OBJC_ISA_USAGE = YES_ERROR;
				CLANG_WARN_DOCUMENTATION_COMMENTS = YES;
				CLANG_WARN_EMPTY_BODY = YES;
				CLANG_WARN_ENUM_CONVERSION = YES;
				CLANG_WARN_INFINITE_RECURSION = YES;
				CLANG_WARN_INT_CONVERSION = YES;
				CLANG_WARN_NON_LITERAL_NULL_CONVERSION = YES;
				CLANG_WARN_OBJC_IMPLICIT_RETAIN_SELF = YES;
				CLANG_WARN_OBJC_LITERAL_CONVERSION = YES;
				CLANG_WARN_OBJC_ROOT_CLASS = YES_ERROR;
				CLANG_WARN_QUOTED_INCLUDE_IN_FRAMEWORK_HEADER = YES;
				CLANG_WARN_RANGE_LOOP_ANALYSIS = YES;
				CLANG_WARN_STRICT_PROTOTYPES = YES;
				CLANG_WARN_SUSPICIOUS_MOVE = YES;
				CLANG_WARN_UNGUARDED_AVAILABILITY = YES_AGGRESSIVE;
				CLANG_WARN_UNREACHABLE_CODE = YES;
				CLANG_WARN__DUPLICATE_METHOD_MATCH = YES;
				COPY_PHASE_STRIP = NO;
				DEBUG_INFORMATION_FORMAT = "dwarf-with-dsym";
				ENABLE_NS_ASSERTIONS = NO;
				ENABLE_STRICT_OBJC_MSGSEND = YES;
				GCC_C_LANGUAGE_STANDARD = gnu11;
				GCC_NO_COMMON_BLOCKS = YES;
				GCC_WARN_64_TO_32_BIT_CONVERSION = YES;
				GCC_WARN_ABOUT_RETURN_TYPE = YES_ERROR;
				GCC_WARN_UNDECLARED_SELECTOR = YES;
				GCC_WARN_UNINITIALIZED_AUTOS = YES_AGGRESSIVE;
				GCC_WARN_UNUSED_FUNCTION = YES;
				GCC_WARN_UNUSED_VARIABLE = YES;
				IPHONEOS_DEPLOYMENT_TARGET = 16.4;
				MTL_ENABLE_DEBUG_INFO = NO;
				MTL_FAST_MATH = YES;
				SDKROOT = iphoneos;
				SWIFT_COMPILATION_MODE = wholemodule;
				SWIFT_OPTIMIZATION_LEVEL = "-O";
				VALIDATE_PRODUCT = YES;
			};
			name = Release;
		};
		3AB2841E2A9EF81700ACF944 /* Debug */ = {
			isa = XCBuildConfiguration;
			buildSettings = {
				ASSETCATALOG_COMPILER_APPICON_NAME = AppIcon;
				ASSETCATALOG_COMPILER_GLOBAL_ACCENT_COLOR_NAME = AccentColor;
				CODE_SIGN_STYLE = Automatic;
				CURRENT_PROJECT_VERSION = 1;
				DEVELOPMENT_TEAM = FP8CB3BY93;
				GENERATE_INFOPLIST_FILE = YES;
				INFOPLIST_FILE = NearTruck/Info.plist;
				INFOPLIST_KEY_UIApplicationSupportsIndirectInputEvents = YES;
				INFOPLIST_KEY_UILaunchStoryboardName = LaunchScreen;
				INFOPLIST_KEY_UIMainStoryboardFile = Main;
				INFOPLIST_KEY_UISupportedInterfaceOrientations_iPad = "UIInterfaceOrientationPortrait UIInterfaceOrientationPortraitUpsideDown UIInterfaceOrientationLandscapeLeft UIInterfaceOrientationLandscapeRight";
				INFOPLIST_KEY_UISupportedInterfaceOrientations_iPhone = "UIInterfaceOrientationPortrait UIInterfaceOrientationLandscapeLeft UIInterfaceOrientationLandscapeRight";
				IPHONEOS_DEPLOYMENT_TARGET = 15.0;
				LD_RUNPATH_SEARCH_PATHS = (
					"$(inherited)",
					"@executable_path/Frameworks",
				);
				MARKETING_VERSION = 1.0;
				PRODUCT_BUNDLE_IDENTIFIER = com.velmash.NearTruck.NearTruck;
				PRODUCT_NAME = "$(TARGET_NAME)";
				SWIFT_EMIT_LOC_STRINGS = YES;
				SWIFT_VERSION = 5.0;
				TARGETED_DEVICE_FAMILY = "1,2";
			};
			name = Debug;
		};
		3AB2841F2A9EF81700ACF944 /* Release */ = {
			isa = XCBuildConfiguration;
			buildSettings = {
				ASSETCATALOG_COMPILER_APPICON_NAME = AppIcon;
				ASSETCATALOG_COMPILER_GLOBAL_ACCENT_COLOR_NAME = AccentColor;
				CODE_SIGN_STYLE = Automatic;
				CURRENT_PROJECT_VERSION = 1;
				DEVELOPMENT_TEAM = FP8CB3BY93;
				GENERATE_INFOPLIST_FILE = YES;
				INFOPLIST_FILE = NearTruck/Info.plist;
				INFOPLIST_KEY_UIApplicationSupportsIndirectInputEvents = YES;
				INFOPLIST_KEY_UILaunchStoryboardName = LaunchScreen;
				INFOPLIST_KEY_UIMainStoryboardFile = Main;
				INFOPLIST_KEY_UISupportedInterfaceOrientations_iPad = "UIInterfaceOrientationPortrait UIInterfaceOrientationPortraitUpsideDown UIInterfaceOrientationLandscapeLeft UIInterfaceOrientationLandscapeRight";
				INFOPLIST_KEY_UISupportedInterfaceOrientations_iPhone = "UIInterfaceOrientationPortrait UIInterfaceOrientationLandscapeLeft UIInterfaceOrientationLandscapeRight";
				IPHONEOS_DEPLOYMENT_TARGET = 15.0;
				LD_RUNPATH_SEARCH_PATHS = (
					"$(inherited)",
					"@executable_path/Frameworks",
				);
				MARKETING_VERSION = 1.0;
				PRODUCT_BUNDLE_IDENTIFIER = com.velmash.NearTruck.NearTruck;
				PRODUCT_NAME = "$(TARGET_NAME)";
				SWIFT_EMIT_LOC_STRINGS = YES;
				SWIFT_VERSION = 5.0;
				TARGETED_DEVICE_FAMILY = "1,2";
			};
			name = Release;
		};
		3AB284212A9EF81700ACF944 /* Debug */ = {
			isa = XCBuildConfiguration;
			buildSettings = {
				ALWAYS_EMBED_SWIFT_STANDARD_LIBRARIES = YES;
				BUNDLE_LOADER = "$(TEST_HOST)";
				CODE_SIGN_STYLE = Automatic;
				CURRENT_PROJECT_VERSION = 1;
				DEVELOPMENT_TEAM = FP8CB3BY93;
				GENERATE_INFOPLIST_FILE = YES;
				IPHONEOS_DEPLOYMENT_TARGET = 16.4;
				MARKETING_VERSION = 1.0;
				PRODUCT_BUNDLE_IDENTIFIER = com.velmash.NearTruck.NearTruckTests;
				PRODUCT_NAME = "$(TARGET_NAME)";
				SWIFT_EMIT_LOC_STRINGS = NO;
				SWIFT_VERSION = 5.0;
				TARGETED_DEVICE_FAMILY = "1,2";
				TEST_HOST = "$(BUILT_PRODUCTS_DIR)/NearTruck.app/$(BUNDLE_EXECUTABLE_FOLDER_PATH)/NearTruck";
			};
			name = Debug;
		};
		3AB284222A9EF81700ACF944 /* Release */ = {
			isa = XCBuildConfiguration;
			buildSettings = {
				ALWAYS_EMBED_SWIFT_STANDARD_LIBRARIES = YES;
				BUNDLE_LOADER = "$(TEST_HOST)";
				CODE_SIGN_STYLE = Automatic;
				CURRENT_PROJECT_VERSION = 1;
				DEVELOPMENT_TEAM = FP8CB3BY93;
				GENERATE_INFOPLIST_FILE = YES;
				IPHONEOS_DEPLOYMENT_TARGET = 16.4;
				MARKETING_VERSION = 1.0;
				PRODUCT_BUNDLE_IDENTIFIER = com.velmash.NearTruck.NearTruckTests;
				PRODUCT_NAME = "$(TARGET_NAME)";
				SWIFT_EMIT_LOC_STRINGS = NO;
				SWIFT_VERSION = 5.0;
				TARGETED_DEVICE_FAMILY = "1,2";
				TEST_HOST = "$(BUILT_PRODUCTS_DIR)/NearTruck.app/$(BUNDLE_EXECUTABLE_FOLDER_PATH)/NearTruck";
			};
			name = Release;
		};
		3AB284242A9EF81700ACF944 /* Debug */ = {
			isa = XCBuildConfiguration;
			buildSettings = {
				ALWAYS_EMBED_SWIFT_STANDARD_LIBRARIES = YES;
				CODE_SIGN_STYLE = Automatic;
				CURRENT_PROJECT_VERSION = 1;
				DEVELOPMENT_TEAM = FP8CB3BY93;
				GENERATE_INFOPLIST_FILE = YES;
				MARKETING_VERSION = 1.0;
				PRODUCT_BUNDLE_IDENTIFIER = com.velmash.NearTruck.NearTruckUITests;
				PRODUCT_NAME = "$(TARGET_NAME)";
				SWIFT_EMIT_LOC_STRINGS = NO;
				SWIFT_VERSION = 5.0;
				TARGETED_DEVICE_FAMILY = "1,2";
				TEST_TARGET_NAME = NearTruck;
			};
			name = Debug;
		};
		3AB284252A9EF81700ACF944 /* Release */ = {
			isa = XCBuildConfiguration;
			buildSettings = {
				ALWAYS_EMBED_SWIFT_STANDARD_LIBRARIES = YES;
				CODE_SIGN_STYLE = Automatic;
				CURRENT_PROJECT_VERSION = 1;
				DEVELOPMENT_TEAM = FP8CB3BY93;
				GENERATE_INFOPLIST_FILE = YES;
				MARKETING_VERSION = 1.0;
				PRODUCT_BUNDLE_IDENTIFIER = com.velmash.NearTruck.NearTruckUITests;
				PRODUCT_NAME = "$(TARGET_NAME)";
				SWIFT_EMIT_LOC_STRINGS = NO;
				SWIFT_VERSION = 5.0;
				TARGETED_DEVICE_FAMILY = "1,2";
				TEST_TARGET_NAME = NearTruck;
			};
			name = Release;
		};
/* End XCBuildConfiguration section */

/* Begin XCConfigurationList section */
		3AB283EE2A9EF81600ACF944 /* Build configuration list for PBXProject "NearTruck" */ = {
			isa = XCConfigurationList;
			buildConfigurations = (
				3AB2841B2A9EF81700ACF944 /* Debug */,
				3AB2841C2A9EF81700ACF944 /* Release */,
			);
			defaultConfigurationIsVisible = 0;
			defaultConfigurationName = Release;
		};
		3AB2841D2A9EF81700ACF944 /* Build configuration list for PBXNativeTarget "NearTruck" */ = {
			isa = XCConfigurationList;
			buildConfigurations = (
				3AB2841E2A9EF81700ACF944 /* Debug */,
				3AB2841F2A9EF81700ACF944 /* Release */,
			);
			defaultConfigurationIsVisible = 0;
			defaultConfigurationName = Release;
		};
		3AB284202A9EF81700ACF944 /* Build configuration list for PBXNativeTarget "NearTruckTests" */ = {
			isa = XCConfigurationList;
			buildConfigurations = (
				3AB284212A9EF81700ACF944 /* Debug */,
				3AB284222A9EF81700ACF944 /* Release */,
			);
			defaultConfigurationIsVisible = 0;
			defaultConfigurationName = Release;
		};
		3AB284232A9EF81700ACF944 /* Build configuration list for PBXNativeTarget "NearTruckUITests" */ = {
			isa = XCConfigurationList;
			buildConfigurations = (
				3AB284242A9EF81700ACF944 /* Debug */,
				3AB284252A9EF81700ACF944 /* Release */,
			);
			defaultConfigurationIsVisible = 0;
			defaultConfigurationName = Release;
		};
/* End XCConfigurationList section */
	};
	rootObject = 3AB283EB2A9EF81600ACF944 /* Project object */;
}
