// !$*UTF8*$!
{
	archiveVersion = 1;
	classes = {
	};
	objectVersion = 56;
	objects = {

/* Begin PBXBuildFile section */
		368D54DC83EFB050B8D25B0F /* Pods_NearTruck_NearTruckUITests.framework in Frameworks */ = {isa = PBXBuildFile; fileRef = CEB64511CA7B922A512C2E63 /* Pods_NearTruck_NearTruckUITests.framework */; };
		3A6883D82AA59D5E00023425 /* MainTabBar.swift in Sources */ = {isa = PBXBuildFile; fileRef = 3A6883D72AA59D5E00023425 /* MainTabBar.swift */; };
		3A6883DA2AA5A4AE00023425 /* TabItem.swift in Sources */ = {isa = PBXBuildFile; fileRef = 3A6883D92AA5A4AE00023425 /* TabItem.swift */; };
		3AB283F72A9EF81600ACF944 /* AppDelegate.swift in Sources */ = {isa = PBXBuildFile; fileRef = 3AB283F62A9EF81600ACF944 /* AppDelegate.swift */; };
		3AB283F92A9EF81600ACF944 /* SceneDelegate.swift in Sources */ = {isa = PBXBuildFile; fileRef = 3AB283F82A9EF81600ACF944 /* SceneDelegate.swift */; };
		3AB283FB2A9EF81600ACF944 /* ViewController.swift in Sources */ = {isa = PBXBuildFile; fileRef = 3AB283FA2A9EF81600ACF944 /* ViewController.swift */; };
		3AB283FE2A9EF81600ACF944 /* Main.storyboard in Resources */ = {isa = PBXBuildFile; fileRef = 3AB283FC2A9EF81600ACF944 /* Main.storyboard */; };
		3AB284002A9EF81700ACF944 /* Assets.xcassets in Resources */ = {isa = PBXBuildFile; fileRef = 3AB283FF2A9EF81700ACF944 /* Assets.xcassets */; };
		3AB284032A9EF81700ACF944 /* LaunchScreen.storyboard in Resources */ = {isa = PBXBuildFile; fileRef = 3AB284012A9EF81700ACF944 /* LaunchScreen.storyboard */; };
		3AB2840E2A9EF81700ACF944 /* NearTruckTests.swift in Sources */ = {isa = PBXBuildFile; fileRef = 3AB2840D2A9EF81700ACF944 /* NearTruckTests.swift */; };
		3AB284182A9EF81700ACF944 /* NearTruckUITests.swift in Sources */ = {isa = PBXBuildFile; fileRef = 3AB284172A9EF81700ACF944 /* NearTruckUITests.swift */; };
		3AB2841A2A9EF81700ACF944 /* NearTruckUITestsLaunchTests.swift in Sources */ = {isa = PBXBuildFile; fileRef = 3AB284192A9EF81700ACF944 /* NearTruckUITestsLaunchTests.swift */; };
		3AB284292A9F173A00ACF944 /* Coordinator.swift in Sources */ = {isa = PBXBuildFile; fileRef = 3AB284282A9F173A00ACF944 /* Coordinator.swift */; };
		3AB2842E2A9F178600ACF944 /* MainCoordinator.swift in Sources */ = {isa = PBXBuildFile; fileRef = 3AB2842D2A9F178600ACF944 /* MainCoordinator.swift */; };
		3AB284322A9F184F00ACF944 /* MainViewController.swift in Sources */ = {isa = PBXBuildFile; fileRef = 3AB284312A9F184F00ACF944 /* MainViewController.swift */; };
		3AB284342A9F19DB00ACF944 /* MainView.swift in Sources */ = {isa = PBXBuildFile; fileRef = 3AB284332A9F19DB00ACF944 /* MainView.swift */; };
		3AB2843A2A9F1D3300ACF944 /* DetailCoordinator.swift in Sources */ = {isa = PBXBuildFile; fileRef = 3AB284392A9F1D3300ACF944 /* DetailCoordinator.swift */; };
		3AB2843C2A9F1D6F00ACF944 /* DetailViewController.swift in Sources */ = {isa = PBXBuildFile; fileRef = 3AB2843B2A9F1D6F00ACF944 /* DetailViewController.swift */; };
		3AB2843E2A9F1D8400ACF944 /* DetailView.swift in Sources */ = {isa = PBXBuildFile; fileRef = 3AB2843D2A9F1D8400ACF944 /* DetailView.swift */; };
		3AB284412A9F1EDB00ACF944 /* BaseViewController.swift in Sources */ = {isa = PBXBuildFile; fileRef = 3AB284402A9F1EDB00ACF944 /* BaseViewController.swift */; };
		3AB284432A9F25C900ACF944 /* ViewModelType.swift in Sources */ = {isa = PBXBuildFile; fileRef = 3AB284422A9F25C900ACF944 /* ViewModelType.swift */; };
		3AB284452A9F25D400ACF944 /* MainViewModel.swift in Sources */ = {isa = PBXBuildFile; fileRef = 3AB284442A9F25D400ACF944 /* MainViewModel.swift */; };
		3AB284472A9F298C00ACF944 /* DetailViewModel.swift in Sources */ = {isa = PBXBuildFile; fileRef = 3AB284462A9F298C00ACF944 /* DetailViewModel.swift */; };
		689D4F0EE430078D67696899 /* Pods_NearTruck.framework in Frameworks */ = {isa = PBXBuildFile; fileRef = 9FA11E0DBA6C8F8F699BC597 /* Pods_NearTruck.framework */; };
		E1576A06D5D134A59AE9E7C7 /* Pods_NearTruckTests.framework in Frameworks */ = {isa = PBXBuildFile; fileRef = 890C608E044C0081D8118CE8 /* Pods_NearTruckTests.framework */; };
/* End PBXBuildFile section */

/* Begin PBXContainerItemProxy section */
		3AB2840A2A9EF81700ACF944 /* PBXContainerItemProxy */ = {
			isa = PBXContainerItemProxy;
			containerPortal = 3AB283EB2A9EF81600ACF944 /* Project object */;
			proxyType = 1;
			remoteGlobalIDString = 3AB283F22A9EF81600ACF944;
			remoteInfo = NearTruck;
		};
		3AB284142A9EF81700ACF944 /* PBXContainerItemProxy */ = {
			isa = PBXContainerItemProxy;
			containerPortal = 3AB283EB2A9EF81600ACF944 /* Project object */;
			proxyType = 1;
			remoteGlobalIDString = 3AB283F22A9EF81600ACF944;
			remoteInfo = NearTruck;
		};
/* End PBXContainerItemProxy section */

/* Begin PBXFileReference section */
		23324602F9E32CBABDE6F6B0 /* Pods-NearTruck-NearTruckUITests.release.xcconfig */ = {isa = PBXFileReference; includeInIndex = 1; lastKnownFileType = text.xcconfig; name = "Pods-NearTruck-NearTruckUITests.release.xcconfig"; path = "Target Support Files/Pods-NearTruck-NearTruckUITests/Pods-NearTruck-NearTruckUITests.release.xcconfig"; sourceTree = "<group>"; };
		24CE404DF23DF3E018B01169 /* Pods-NearTruck-NearTruckUITests.debug.xcconfig */ = {isa = PBXFileReference; includeInIndex = 1; lastKnownFileType = text.xcconfig; name = "Pods-NearTruck-NearTruckUITests.debug.xcconfig"; path = "Target Support Files/Pods-NearTruck-NearTruckUITests/Pods-NearTruck-NearTruckUITests.debug.xcconfig"; sourceTree = "<group>"; };
		3A6883D72AA59D5E00023425 /* MainTabBar.swift */ = {isa = PBXFileReference; lastKnownFileType = sourcecode.swift; path = MainTabBar.swift; sourceTree = "<group>"; };
		3A6883D92AA5A4AE00023425 /* TabItem.swift */ = {isa = PBXFileReference; lastKnownFileType = sourcecode.swift; path = TabItem.swift; sourceTree = "<group>"; };
		3AB283F32A9EF81600ACF944 /* NearTruck.app */ = {isa = PBXFileReference; explicitFileType = wrapper.application; includeInIndex = 0; path = NearTruck.app; sourceTree = BUILT_PRODUCTS_DIR; };
		3AB283F62A9EF81600ACF944 /* AppDelegate.swift */ = {isa = PBXFileReference; lastKnownFileType = sourcecode.swift; path = AppDelegate.swift; sourceTree = "<group>"; };
		3AB283F82A9EF81600ACF944 /* SceneDelegate.swift */ = {isa = PBXFileReference; lastKnownFileType = sourcecode.swift; path = SceneDelegate.swift; sourceTree = "<group>"; };
		3AB283FA2A9EF81600ACF944 /* ViewController.swift */ = {isa = PBXFileReference; lastKnownFileType = sourcecode.swift; path = ViewController.swift; sourceTree = "<group>"; };
		3AB283FD2A9EF81600ACF944 /* Base */ = {isa = PBXFileReference; lastKnownFileType = file.storyboard; name = Base; path = Base.lproj/Main.storyboard; sourceTree = "<group>"; };
		3AB283FF2A9EF81700ACF944 /* Assets.xcassets */ = {isa = PBXFileReference; lastKnownFileType = folder.assetcatalog; path = Assets.xcassets; sourceTree = "<group>"; };
		3AB284022A9EF81700ACF944 /* Base */ = {isa = PBXFileReference; lastKnownFileType = file.storyboard; name = Base; path = Base.lproj/LaunchScreen.storyboard; sourceTree = "<group>"; };
		3AB284042A9EF81700ACF944 /* Info.plist */ = {isa = PBXFileReference; lastKnownFileType = text.plist.xml; path = Info.plist; sourceTree = "<group>"; };
		3AB284092A9EF81700ACF944 /* NearTruckTests.xctest */ = {isa = PBXFileReference; explicitFileType = wrapper.cfbundle; includeInIndex = 0; path = NearTruckTests.xctest; sourceTree = BUILT_PRODUCTS_DIR; };
		3AB2840D2A9EF81700ACF944 /* NearTruckTests.swift */ = {isa = PBXFileReference; lastKnownFileType = sourcecode.swift; path = NearTruckTests.swift; sourceTree = "<group>"; };
		3AB284132A9EF81700ACF944 /* NearTruckUITests.xctest */ = {isa = PBXFileReference; explicitFileType = wrapper.cfbundle; includeInIndex = 0; path = NearTruckUITests.xctest; sourceTree = BUILT_PRODUCTS_DIR; };
		3AB284172A9EF81700ACF944 /* NearTruckUITests.swift */ = {isa = PBXFileReference; lastKnownFileType = sourcecode.swift; path = NearTruckUITests.swift; sourceTree = "<group>"; };
		3AB284192A9EF81700ACF944 /* NearTruckUITestsLaunchTests.swift */ = {isa = PBXFileReference; lastKnownFileType = sourcecode.swift; path = NearTruckUITestsLaunchTests.swift; sourceTree = "<group>"; };
		3AB284282A9F173A00ACF944 /* Coordinator.swift */ = {isa = PBXFileReference; lastKnownFileType = sourcecode.swift; path = Coordinator.swift; sourceTree = "<group>"; };
		3AB2842D2A9F178600ACF944 /* MainCoordinator.swift */ = {isa = PBXFileReference; lastKnownFileType = sourcecode.swift; path = MainCoordinator.swift; sourceTree = "<group>"; };
		3AB284312A9F184F00ACF944 /* MainViewController.swift */ = {isa = PBXFileReference; lastKnownFileType = sourcecode.swift; path = MainViewController.swift; sourceTree = "<group>"; };
		3AB284332A9F19DB00ACF944 /* MainView.swift */ = {isa = PBXFileReference; lastKnownFileType = sourcecode.swift; path = MainView.swift; sourceTree = "<group>"; };
		3AB284392A9F1D3300ACF944 /* DetailCoordinator.swift */ = {isa = PBXFileReference; lastKnownFileType = sourcecode.swift; path = DetailCoordinator.swift; sourceTree = "<group>"; };
		3AB2843B2A9F1D6F00ACF944 /* DetailViewController.swift */ = {isa = PBXFileReference; lastKnownFileType = sourcecode.swift; path = DetailViewController.swift; sourceTree = "<group>"; };
		3AB2843D2A9F1D8400ACF944 /* DetailView.swift */ = {isa = PBXFileReference; lastKnownFileType = sourcecode.swift; path = DetailView.swift; sourceTree = "<group>"; };
		3AB284402A9F1EDB00ACF944 /* BaseViewController.swift */ = {isa = PBXFileReference; lastKnownFileType = sourcecode.swift; path = BaseViewController.swift; sourceTree = "<group>"; };
		3AB284422A9F25C900ACF944 /* ViewModelType.swift */ = {isa = PBXFileReference; lastKnownFileType = sourcecode.swift; path = ViewModelType.swift; sourceTree = "<group>"; };
		3AB284442A9F25D400ACF944 /* MainViewModel.swift */ = {isa = PBXFileReference; lastKnownFileType = sourcecode.swift; path = MainViewModel.swift; sourceTree = "<group>"; };
		3AB284462A9F298C00ACF944 /* DetailViewModel.swift */ = {isa = PBXFileReference; lastKnownFileType = sourcecode.swift; path = DetailViewModel.swift; sourceTree = "<group>"; };
		5874CB477B73AA147A97E0F0 /* Pods-NearTruckTests.debug.xcconfig */ = {isa = PBXFileReference; includeInIndex = 1; lastKnownFileType = text.xcconfig; name = "Pods-NearTruckTests.debug.xcconfig"; path = "Target Support Files/Pods-NearTruckTests/Pods-NearTruckTests.debug.xcconfig"; sourceTree = "<group>"; };
		6548EF3113D5669FD5F21EC2 /* Pods-NearTruckTests.release.xcconfig */ = {isa = PBXFileReference; includeInIndex = 1; lastKnownFileType = text.xcconfig; name = "Pods-NearTruckTests.release.xcconfig"; path = "Target Support Files/Pods-NearTruckTests/Pods-NearTruckTests.release.xcconfig"; sourceTree = "<group>"; };
		890C608E044C0081D8118CE8 /* Pods_NearTruckTests.framework */ = {isa = PBXFileReference; explicitFileType = wrapper.framework; includeInIndex = 0; path = Pods_NearTruckTests.framework; sourceTree = BUILT_PRODUCTS_DIR; };
		9FA11E0DBA6C8F8F699BC597 /* Pods_NearTruck.framework */ = {isa = PBXFileReference; explicitFileType = wrapper.framework; includeInIndex = 0; path = Pods_NearTruck.framework; sourceTree = BUILT_PRODUCTS_DIR; };
		BF377486E56391EB02450830 /* Pods-NearTruck.release.xcconfig */ = {isa = PBXFileReference; includeInIndex = 1; lastKnownFileType = text.xcconfig; name = "Pods-NearTruck.release.xcconfig"; path = "Target Support Files/Pods-NearTruck/Pods-NearTruck.release.xcconfig"; sourceTree = "<group>"; };
		C28706967B6DF4E3892F4AA8 /* Pods-NearTruck.debug.xcconfig */ = {isa = PBXFileReference; includeInIndex = 1; lastKnownFileType = text.xcconfig; name = "Pods-NearTruck.debug.xcconfig"; path = "Target Support Files/Pods-NearTruck/Pods-NearTruck.debug.xcconfig"; sourceTree = "<group>"; };
		CEB64511CA7B922A512C2E63 /* Pods_NearTruck_NearTruckUITests.framework */ = {isa = PBXFileReference; explicitFileType = wrapper.framework; includeInIndex = 0; path = Pods_NearTruck_NearTruckUITests.framework; sourceTree = BUILT_PRODUCTS_DIR; };
/* End PBXFileReference section */

/* Begin PBXFrameworksBuildPhase section */
		3AB283F02A9EF81600ACF944 /* Frameworks */ = {
			isa = PBXFrameworksBuildPhase;
			buildActionMask = 2147483647;
			files = (
				689D4F0EE430078D67696899 /* Pods_NearTruck.framework in Frameworks */,
			);
			runOnlyForDeploymentPostprocessing = 0;
		};
		3AB284062A9EF81700ACF944 /* Frameworks */ = {
			isa = PBXFrameworksBuildPhase;
			buildActionMask = 2147483647;
			files = (
				E1576A06D5D134A59AE9E7C7 /* Pods_NearTruckTests.framework in Frameworks */,
			);
			runOnlyForDeploymentPostprocessing = 0;
		};
		3AB284102A9EF81700ACF944 /* Frameworks */ = {
			isa = PBXFrameworksBuildPhase;
			buildActionMask = 2147483647;
			files = (
				368D54DC83EFB050B8D25B0F /* Pods_NearTruck_NearTruckUITests.framework in Frameworks */,
			);
			runOnlyForDeploymentPostprocessing = 0;
		};
/* End PBXFrameworksBuildPhase section */

/* Begin PBXGroup section */
		3A6883D62AA59D4900023425 /* Tabs */ = {
			isa = PBXGroup;
			children = (
				3A6883D72AA59D5E00023425 /* MainTabBar.swift */,
				3A6883D92AA5A4AE00023425 /* TabItem.swift */,
			);
			path = Tabs;
			sourceTree = "<group>";
		};
		3AB283EA2A9EF81600ACF944 = {
			isa = PBXGroup;
			children = (
				3AB283F52A9EF81600ACF944 /* NearTruck */,
				3AB2840C2A9EF81700ACF944 /* NearTruckTests */,
				3AB284162A9EF81700ACF944 /* NearTruckUITests */,
				3AB283F42A9EF81600ACF944 /* Products */,
				8D28367349739C692491633E /* Pods */,
				E62F82793581C9F8F342D984 /* Frameworks */,
			);
			sourceTree = "<group>";
		};
		3AB283F42A9EF81600ACF944 /* Products */ = {
			isa = PBXGroup;
			children = (
				3AB283F32A9EF81600ACF944 /* NearTruck.app */,
				3AB284092A9EF81700ACF944 /* NearTruckTests.xctest */,
				3AB284132A9EF81700ACF944 /* NearTruckUITests.xctest */,
			);
			name = Products;
			sourceTree = "<group>";
		};
		3AB283F52A9EF81600ACF944 /* NearTruck */ = {
			isa = PBXGroup;
			children = (
				3AB284262A9F160E00ACF944 /* App */,
				3AB2842A2A9F175000ACF944 /* Feature */,
				3AB283FA2A9EF81600ACF944 /* ViewController.swift */,
				3AB283FC2A9EF81600ACF944 /* Main.storyboard */,
				3AB283FF2A9EF81700ACF944 /* Assets.xcassets */,
				3AB284012A9EF81700ACF944 /* LaunchScreen.storyboard */,
				3AB284042A9EF81700ACF944 /* Info.plist */,
			);
			path = NearTruck;
			sourceTree = "<group>";
		};
		3AB2840C2A9EF81700ACF944 /* NearTruckTests */ = {
			isa = PBXGroup;
			children = (
				3AB2840D2A9EF81700ACF944 /* NearTruckTests.swift */,
			);
			path = NearTruckTests;
			sourceTree = "<group>";
		};
		3AB284162A9EF81700ACF944 /* NearTruckUITests */ = {
			isa = PBXGroup;
			children = (
				3AB284172A9EF81700ACF944 /* NearTruckUITests.swift */,
				3AB284192A9EF81700ACF944 /* NearTruckUITestsLaunchTests.swift */,
			);
			path = NearTruckUITests;
			sourceTree = "<group>";
		};
		3AB284262A9F160E00ACF944 /* App */ = {
			isa = PBXGroup;
			children = (
				3AB2843F2A9F1ED400ACF944 /* Common */,
				3AB284272A9F171000ACF944 /* Core */,
				3AB283F62A9EF81600ACF944 /* AppDelegate.swift */,
				3AB283F82A9EF81600ACF944 /* SceneDelegate.swift */,
			);
			path = App;
			sourceTree = "<group>";
		};
		3AB284272A9F171000ACF944 /* Core */ = {
			isa = PBXGroup;
			children = (
				3AB284282A9F173A00ACF944 /* Coordinator.swift */,
				3AB284422A9F25C900ACF944 /* ViewModelType.swift */,
			);
			path = Core;
			sourceTree = "<group>";
		};
		3AB2842A2A9F175000ACF944 /* Feature */ = {
			isa = PBXGroup;
			children = (
				3AB2842B2A9F175F00ACF944 /* Main */,
				3AB284352A9F1CFB00ACF944 /* Detail */,
			);
			path = Feature;
			sourceTree = "<group>";
		};
		3AB2842B2A9F175F00ACF944 /* Main */ = {
			isa = PBXGroup;
			children = (
				3AB2842C2A9F177600ACF944 /* Coordinator */,
				3AB2842F2A9F17FB00ACF944 /* ViewModel */,
				3AB284302A9F180400ACF944 /* View */,
			);
			path = Main;
			sourceTree = "<group>";
		};
		3AB2842C2A9F177600ACF944 /* Coordinator */ = {
			isa = PBXGroup;
			children = (
				3AB2842D2A9F178600ACF944 /* MainCoordinator.swift */,
			);
			path = Coordinator;
			sourceTree = "<group>";
		};
		3AB2842F2A9F17FB00ACF944 /* ViewModel */ = {
			isa = PBXGroup;
			children = (
				3AB284442A9F25D400ACF944 /* MainViewModel.swift */,
			);
			path = ViewModel;
			sourceTree = "<group>";
		};
		3AB284302A9F180400ACF944 /* View */ = {
			isa = PBXGroup;
			children = (
				3AB284312A9F184F00ACF944 /* MainViewController.swift */,
				3AB284332A9F19DB00ACF944 /* MainView.swift */,
				3A6883D62AA59D4900023425 /* Tabs */,
			);
			path = View;
			sourceTree = "<group>";
		};
		3AB284352A9F1CFB00ACF944 /* Detail */ = {
			isa = PBXGroup;
			children = (
				3AB284362A9F1D0700ACF944 /* Coordinator */,
				3AB284372A9F1D1A00ACF944 /* ViewModel */,
				3AB284382A9F1D2000ACF944 /* View */,
			);
			path = Detail;
			sourceTree = "<group>";
		};
		3AB284362A9F1D0700ACF944 /* Coordinator */ = {
			isa = PBXGroup;
			children = (
				3AB284392A9F1D3300ACF944 /* DetailCoordinator.swift */,
			);
			path = Coordinator;
			sourceTree = "<group>";
		};
		3AB284372A9F1D1A00ACF944 /* ViewModel */ = {
			isa = PBXGroup;
			children = (
				3AB284462A9F298C00ACF944 /* DetailViewModel.swift */,
			);
			path = ViewModel;
			sourceTree = "<group>";
		};
		3AB284382A9F1D2000ACF944 /* View */ = {
			isa = PBXGroup;
			children = (
				3AB2843B2A9F1D6F00ACF944 /* DetailViewController.swift */,
				3AB2843D2A9F1D8400ACF944 /* DetailView.swift */,
			);
			path = View;
			sourceTree = "<group>";
		};
		3AB2843F2A9F1ED400ACF944 /* Common */ = {
			isa = PBXGroup;
			children = (
				3AB284402A9F1EDB00ACF944 /* BaseViewController.swift */,
			);
			path = Common;
			sourceTree = "<group>";
		};
		8D28367349739C692491633E /* Pods */ = {
			isa = PBXGroup;
			children = (
				C28706967B6DF4E3892F4AA8 /* Pods-NearTruck.debug.xcconfig */,
				BF377486E56391EB02450830 /* Pods-NearTruck.release.xcconfig */,
				24CE404DF23DF3E018B01169 /* Pods-NearTruck-NearTruckUITests.debug.xcconfig */,
				23324602F9E32CBABDE6F6B0 /* Pods-NearTruck-NearTruckUITests.release.xcconfig */,
				5874CB477B73AA147A97E0F0 /* Pods-NearTruckTests.debug.xcconfig */,
				6548EF3113D5669FD5F21EC2 /* Pods-NearTruckTests.release.xcconfig */,
			);
			path = Pods;
			sourceTree = "<group>";
		};
		E62F82793581C9F8F342D984 /* Frameworks */ = {
			isa = PBXGroup;
			children = (
				9FA11E0DBA6C8F8F699BC597 /* Pods_NearTruck.framework */,
				CEB64511CA7B922A512C2E63 /* Pods_NearTruck_NearTruckUITests.framework */,
				890C608E044C0081D8118CE8 /* Pods_NearTruckTests.framework */,
			);
			name = Frameworks;
			sourceTree = "<group>";
		};
/* End PBXGroup section */

/* Begin PBXNativeTarget section */
		3AB283F22A9EF81600ACF944 /* NearTruck */ = {
			isa = PBXNativeTarget;
			buildConfigurationList = 3AB2841D2A9EF81700ACF944 /* Build configuration list for PBXNativeTarget "NearTruck" */;
			buildPhases = (
				66F9F742BDCA3CF998DCDD8B /* [CP] Check Pods Manifest.lock */,
				3AB283EF2A9EF81600ACF944 /* Sources */,
				3AB283F02A9EF81600ACF944 /* Frameworks */,
				3AB283F12A9EF81600ACF944 /* Resources */,
				59B514049C42411A2B354B19 /* [CP] Embed Pods Frameworks */,
			);
			buildRules = (
			);
			dependencies = (
			);
			name = NearTruck;
			productName = NearTruck;
			productReference = 3AB283F32A9EF81600ACF944 /* NearTruck.app */;
			productType = "com.apple.product-type.application";
		};
		3AB284082A9EF81700ACF944 /* NearTruckTests */ = {
			isa = PBXNativeTarget;
			buildConfigurationList = 3AB284202A9EF81700ACF944 /* Build configuration list for PBXNativeTarget "NearTruckTests" */;
			buildPhases = (
				59CA61658F06777B34B2DB37 /* [CP] Check Pods Manifest.lock */,
				3AB284052A9EF81700ACF944 /* Sources */,
				3AB284062A9EF81700ACF944 /* Frameworks */,
				3AB284072A9EF81700ACF944 /* Resources */,
			);
			buildRules = (
			);
			dependencies = (
				3AB2840B2A9EF81700ACF944 /* PBXTargetDependency */,
			);
			name = NearTruckTests;
			productName = NearTruckTests;
			productReference = 3AB284092A9EF81700ACF944 /* NearTruckTests.xctest */;
			productType = "com.apple.product-type.bundle.unit-test";
		};
		3AB284122A9EF81700ACF944 /* NearTruckUITests */ = {
			isa = PBXNativeTarget;
			buildConfigurationList = 3AB284232A9EF81700ACF944 /* Build configuration list for PBXNativeTarget "NearTruckUITests" */;
			buildPhases = (
				BD8E16FA190AAC9D330D55C9 /* [CP] Check Pods Manifest.lock */,
				3AB2840F2A9EF81700ACF944 /* Sources */,
				3AB284102A9EF81700ACF944 /* Frameworks */,
				3AB284112A9EF81700ACF944 /* Resources */,
				FC9B21AA7FD189647295F76A /* [CP] Embed Pods Frameworks */,
			);
			buildRules = (
			);
			dependencies = (
				3AB284152A9EF81700ACF944 /* PBXTargetDependency */,
			);
			name = NearTruckUITests;
			productName = NearTruckUITests;
			productReference = 3AB284132A9EF81700ACF944 /* NearTruckUITests.xctest */;
			productType = "com.apple.product-type.bundle.ui-testing";
		};
/* End PBXNativeTarget section */

/* Begin PBXProject section */
		3AB283EB2A9EF81600ACF944 /* Project object */ = {
			isa = PBXProject;
			attributes = {
				BuildIndependentTargetsInParallel = 1;
				LastSwiftUpdateCheck = 1430;
				LastUpgradeCheck = 1430;
				TargetAttributes = {
					3AB283F22A9EF81600ACF944 = {
						CreatedOnToolsVersion = 14.3.1;
					};
					3AB284082A9EF81700ACF944 = {
						CreatedOnToolsVersion = 14.3.1;
						TestTargetID = 3AB283F22A9EF81600ACF944;
					};
					3AB284122A9EF81700ACF944 = {
						CreatedOnToolsVersion = 14.3.1;
						TestTargetID = 3AB283F22A9EF81600ACF944;
					};
				};
			};
			buildConfigurationList = 3AB283EE2A9EF81600ACF944 /* Build configuration list for PBXProject "NearTruck" */;
			compatibilityVersion = "Xcode 14.0";
			developmentRegion = en;
			hasScannedForEncodings = 0;
			knownRegions = (
				en,
				Base,
			);
			mainGroup = 3AB283EA2A9EF81600ACF944;
			productRefGroup = 3AB283F42A9EF81600ACF944 /* Products */;
			projectDirPath = "";
			projectRoot = "";
			targets = (
				3AB283F22A9EF81600ACF944 /* NearTruck */,
				3AB284082A9EF81700ACF944 /* NearTruckTests */,
				3AB284122A9EF81700ACF944 /* NearTruckUITests */,
			);
		};
/* End PBXProject section */

/* Begin PBXResourcesBuildPhase section */
		3AB283F12A9EF81600ACF944 /* Resources */ = {
			isa = PBXResourcesBuildPhase;
			buildActionMask = 2147483647;
			files = (
				3AB284032A9EF81700ACF944 /* LaunchScreen.storyboard in Resources */,
				3AB284002A9EF81700ACF944 /* Assets.xcassets in Resources */,
				3AB283FE2A9EF81600ACF944 /* Main.storyboard in Resources */,
			);
			runOnlyForDeploymentPostprocessing = 0;
		};
		3AB284072A9EF81700ACF944 /* Resources */ = {
			isa = PBXResourcesBuildPhase;
			buildActionMask = 2147483647;
			files = (
			);
			runOnlyForDeploymentPostprocessing = 0;
		};
		3AB284112A9EF81700ACF944 /* Resources */ = {
			isa = PBXResourcesBuildPhase;
			buildActionMask = 2147483647;
			files = (
			);
			runOnlyForDeploymentPostprocessing = 0;
		};
/* End PBXResourcesBuildPhase section */

/* Begin PBXShellScriptBuildPhase section */
		59B514049C42411A2B354B19 /* [CP] Embed Pods Frameworks */ = {
			isa = PBXShellScriptBuildPhase;
			buildActionMask = 2147483647;
			files = (
			);
			inputFileListPaths = (
				"${PODS_ROOT}/Target Support Files/Pods-NearTruck/Pods-NearTruck-frameworks-${CONFIGURATION}-input-files.xcfilelist",
			);
			name = "[CP] Embed Pods Frameworks";
			outputFileListPaths = (
				"${PODS_ROOT}/Target Support Files/Pods-NearTruck/Pods-NearTruck-frameworks-${CONFIGURATION}-output-files.xcfilelist",
			);
			runOnlyForDeploymentPostprocessing = 0;
			shellPath = /bin/sh;
			shellScript = "\"${PODS_ROOT}/Target Support Files/Pods-NearTruck/Pods-NearTruck-frameworks.sh\"\n";
			showEnvVarsInLog = 0;
		};
		59CA61658F06777B34B2DB37 /* [CP] Check Pods Manifest.lock */ = {
			isa = PBXShellScriptBuildPhase;
			buildActionMask = 2147483647;
			files = (
			);
			inputFileListPaths = (
			);
			inputPaths = (
				"${PODS_PODFILE_DIR_PATH}/Podfile.lock",
				"${PODS_ROOT}/Manifest.lock",
			);
			name = "[CP] Check Pods Manifest.lock";
			outputFileListPaths = (
			);
			outputPaths = (
				"$(DERIVED_FILE_DIR)/Pods-NearTruckTests-checkManifestLockResult.txt",
			);
			runOnlyForDeploymentPostprocessing = 0;
			shellPath = /bin/sh;
			shellScript = "diff \"${PODS_PODFILE_DIR_PATH}/Podfile.lock\" \"${PODS_ROOT}/Manifest.lock\" > /dev/null\nif [ $? != 0 ] ; then\n    # print error to STDERR\n    echo \"error: The sandbox is not in sync with the Podfile.lock. Run 'pod install' or update your CocoaPods installation.\" >&2\n    exit 1\nfi\n# This output is used by Xcode 'outputs' to avoid re-running this script phase.\necho \"SUCCESS\" > \"${SCRIPT_OUTPUT_FILE_0}\"\n";
			showEnvVarsInLog = 0;
		};
		66F9F742BDCA3CF998DCDD8B /* [CP] Check Pods Manifest.lock */ = {
			isa = PBXShellScriptBuildPhase;
			buildActionMask = 2147483647;
			files = (
			);
			inputFileListPaths = (
			);
			inputPaths = (
				"${PODS_PODFILE_DIR_PATH}/Podfile.lock",
				"${PODS_ROOT}/Manifest.lock",
			);
			name = "[CP] Check Pods Manifest.lock";
			outputFileListPaths = (
			);
			outputPaths = (
				"$(DERIVED_FILE_DIR)/Pods-NearTruck-checkManifestLockResult.txt",
			);
			runOnlyForDeploymentPostprocessing = 0;
			shellPath = /bin/sh;
			shellScript = "diff \"${PODS_PODFILE_DIR_PATH}/Podfile.lock\" \"${PODS_ROOT}/Manifest.lock\" > /dev/null\nif [ $? != 0 ] ; then\n    # print error to STDERR\n    echo \"error: The sandbox is not in sync with the Podfile.lock. Run 'pod install' or update your CocoaPods installation.\" >&2\n    exit 1\nfi\n# This output is used by Xcode 'outputs' to avoid re-running this script phase.\necho \"SUCCESS\" > \"${SCRIPT_OUTPUT_FILE_0}\"\n";
			showEnvVarsInLog = 0;
		};
		BD8E16FA190AAC9D330D55C9 /* [CP] Check Pods Manifest.lock */ = {
			isa = PBXShellScriptBuildPhase;
			buildActionMask = 2147483647;
			files = (
			);
			inputFileListPaths = (
			);
			inputPaths = (
				"${PODS_PODFILE_DIR_PATH}/Podfile.lock",
				"${PODS_ROOT}/Manifest.lock",
			);
			name = "[CP] Check Pods Manifest.lock";
			outputFileListPaths = (
			);
			outputPaths = (
				"$(DERIVED_FILE_DIR)/Pods-NearTruck-NearTruckUITests-checkManifestLockResult.txt",
			);
			runOnlyForDeploymentPostprocessing = 0;
			shellPath = /bin/sh;
			shellScript = "diff \"${PODS_PODFILE_DIR_PATH}/Podfile.lock\" \"${PODS_ROOT}/Manifest.lock\" > /dev/null\nif [ $? != 0 ] ; then\n    # print error to STDERR\n    echo \"error: The sandbox is not in sync with the Podfile.lock. Run 'pod install' or update your CocoaPods installation.\" >&2\n    exit 1\nfi\n# This output is used by Xcode 'outputs' to avoid re-running this script phase.\necho \"SUCCESS\" > \"${SCRIPT_OUTPUT_FILE_0}\"\n";
			showEnvVarsInLog = 0;
		};
		FC9B21AA7FD189647295F76A /* [CP] Embed Pods Frameworks */ = {
			isa = PBXShellScriptBuildPhase;
			buildActionMask = 2147483647;
			files = (
			);
			inputFileListPaths = (
				"${PODS_ROOT}/Target Support Files/Pods-NearTruck-NearTruckUITests/Pods-NearTruck-NearTruckUITests-frameworks-${CONFIGURATION}-input-files.xcfilelist",
			);
			name = "[CP] Embed Pods Frameworks";
			outputFileListPaths = (
				"${PODS_ROOT}/Target Support Files/Pods-NearTruck-NearTruckUITests/Pods-NearTruck-NearTruckUITests-frameworks-${CONFIGURATION}-output-files.xcfilelist",
			);
			runOnlyForDeploymentPostprocessing = 0;
			shellPath = /bin/sh;
			shellScript = "\"${PODS_ROOT}/Target Support Files/Pods-NearTruck-NearTruckUITests/Pods-NearTruck-NearTruckUITests-frameworks.sh\"\n";
			showEnvVarsInLog = 0;
		};
/* End PBXShellScriptBuildPhase section */

/* Begin PBXSourcesBuildPhase section */
		3AB283EF2A9EF81600ACF944 /* Sources */ = {
			isa = PBXSourcesBuildPhase;
			buildActionMask = 2147483647;
			files = (
				3AB2843C2A9F1D6F00ACF944 /* DetailViewController.swift in Sources */,
				3AB284292A9F173A00ACF944 /* Coordinator.swift in Sources */,
				3AB284412A9F1EDB00ACF944 /* BaseViewController.swift in Sources */,
				3A6883D82AA59D5E00023425 /* MainTabBar.swift in Sources */,
				3AB2843A2A9F1D3300ACF944 /* DetailCoordinator.swift in Sources */,
				3AB2843E2A9F1D8400ACF944 /* DetailView.swift in Sources */,
				3AB284452A9F25D400ACF944 /* MainViewModel.swift in Sources */,
				3AB284342A9F19DB00ACF944 /* MainView.swift in Sources */,
				3AB283FB2A9EF81600ACF944 /* ViewController.swift in Sources */,
				3AB283F72A9EF81600ACF944 /* AppDelegate.swift in Sources */,
				3AB284472A9F298C00ACF944 /* DetailViewModel.swift in Sources */,
				3AB284432A9F25C900ACF944 /* ViewModelType.swift in Sources */,
				3AB284322A9F184F00ACF944 /* MainViewController.swift in Sources */,
				3AB2842E2A9F178600ACF944 /* MainCoordinator.swift in Sources */,
				3A6883DA2AA5A4AE00023425 /* TabItem.swift in Sources */,
				3AB283F92A9EF81600ACF944 /* SceneDelegate.swift in Sources */,
			);
			runOnlyForDeploymentPostprocessing = 0;
		};
		3AB284052A9EF81700ACF944 /* Sources */ = {
			isa = PBXSourcesBuildPhase;
			buildActionMask = 2147483647;
			files = (
				3AB2840E2A9EF81700ACF944 /* NearTruckTests.swift in Sources */,
			);
			runOnlyForDeploymentPostprocessing = 0;
		};
		3AB2840F2A9EF81700ACF944 /* Sources */ = {
			isa = PBXSourcesBuildPhase;
			buildActionMask = 2147483647;
			files = (
				3AB2841A2A9EF81700ACF944 /* NearTruckUITestsLaunchTests.swift in Sources */,
				3AB284182A9EF81700ACF944 /* NearTruckUITests.swift in Sources */,
			);
			runOnlyForDeploymentPostprocessing = 0;
		};
/* End PBXSourcesBuildPhase section */

/* Begin PBXTargetDependency section */
		3AB2840B2A9EF81700ACF944 /* PBXTargetDependency */ = {
			isa = PBXTargetDependency;
			target = 3AB283F22A9EF81600ACF944 /* NearTruck */;
			targetProxy = 3AB2840A2A9EF81700ACF944 /* PBXContainerItemProxy */;
		};
		3AB284152A9EF81700ACF944 /* PBXTargetDependency */ = {
			isa = PBXTargetDependency;
			target = 3AB283F22A9EF81600ACF944 /* NearTruck */;
			targetProxy = 3AB284142A9EF81700ACF944 /* PBXContainerItemProxy */;
		};
/* End PBXTargetDependency section */

/* Begin PBXVariantGroup section */
		3AB283FC2A9EF81600ACF944 /* Main.storyboard */ = {
			isa = PBXVariantGroup;
			children = (
				3AB283FD2A9EF81600ACF944 /* Base */,
			);
			name = Main.storyboard;
			sourceTree = "<group>";
		};
		3AB284012A9EF81700ACF944 /* LaunchScreen.storyboard */ = {
			isa = PBXVariantGroup;
			children = (
				3AB284022A9EF81700ACF944 /* Base */,
			);
			name = LaunchScreen.storyboard;
			sourceTree = "<group>";
		};
/* End PBXVariantGroup section */

/* Begin XCBuildConfiguration section */
		3AB2841B2A9EF81700ACF944 /* Debug */ = {
			isa = XCBuildConfiguration;
			buildSettings = {
				ALWAYS_SEARCH_USER_PATHS = NO;
				CLANG_ANALYZER_NONNULL = YES;
				CLANG_ANALYZER_NUMBER_OBJECT_CONVERSION = YES_AGGRESSIVE;
				CLANG_CXX_LANGUAGE_STANDARD = "gnu++20";
				CLANG_ENABLE_MODULES = YES;
				CLANG_ENABLE_OBJC_ARC = YES;
				CLANG_ENABLE_OBJC_WEAK = YES;
				CLANG_WARN_BLOCK_CAPTURE_AUTORELEASING = YES;
				CLANG_WARN_BOOL_CONVERSION = YES;
				CLANG_WARN_COMMA = YES;
				CLANG_WARN_CONSTANT_CONVERSION = YES;
				CLANG_WARN_DEPRECATED_OBJC_IMPLEMENTATIONS = YES;
				CLANG_WARN_DIRECT_OBJC_ISA_USAGE = YES_ERROR;
				CLANG_WARN_DOCUMENTATION_COMMENTS = YES;
				CLANG_WARN_EMPTY_BODY = YES;
				CLANG_WARN_ENUM_CONVERSION = YES;
				CLANG_WARN_INFINITE_RECURSION = YES;
				CLANG_WARN_INT_CONVERSION = YES;
				CLANG_WARN_NON_LITERAL_NULL_CONVERSION = YES;
				CLANG_WARN_OBJC_IMPLICIT_RETAIN_SELF = YES;
				CLANG_WARN_OBJC_LITERAL_CONVERSION = YES;
				CLANG_WARN_OBJC_ROOT_CLASS = YES_ERROR;
				CLANG_WARN_QUOTED_INCLUDE_IN_FRAMEWORK_HEADER = YES;
				CLANG_WARN_RANGE_LOOP_ANALYSIS = YES;
				CLANG_WARN_STRICT_PROTOTYPES = YES;
				CLANG_WARN_SUSPICIOUS_MOVE = YES;
				CLANG_WARN_UNGUARDED_AVAILABILITY = YES_AGGRESSIVE;
				CLANG_WARN_UNREACHABLE_CODE = YES;
				CLANG_WARN__DUPLICATE_METHOD_MATCH = YES;
				COPY_PHASE_STRIP = NO;
				DEBUG_INFORMATION_FORMAT = dwarf;
				ENABLE_STRICT_OBJC_MSGSEND = YES;
				ENABLE_TESTABILITY = YES;
				GCC_C_LANGUAGE_STANDARD = gnu11;
				GCC_DYNAMIC_NO_PIC = NO;
				GCC_NO_COMMON_BLOCKS = YES;
				GCC_OPTIMIZATION_LEVEL = 0;
				GCC_PREPROCESSOR_DEFINITIONS = (
					"DEBUG=1",
					"$(inherited)",
				);
				GCC_WARN_64_TO_32_BIT_CONVERSION = YES;
				GCC_WARN_ABOUT_RETURN_TYPE = YES_ERROR;
				GCC_WARN_UNDECLARED_SELECTOR = YES;
				GCC_WARN_UNINITIALIZED_AUTOS = YES_AGGRESSIVE;
				GCC_WARN_UNUSED_FUNCTION = YES;
				GCC_WARN_UNUSED_VARIABLE = YES;
				IPHONEOS_DEPLOYMENT_TARGET = 16.4;
				MTL_ENABLE_DEBUG_INFO = INCLUDE_SOURCE;
				MTL_FAST_MATH = YES;
				ONLY_ACTIVE_ARCH = YES;
				SDKROOT = iphoneos;
				SWIFT_ACTIVE_COMPILATION_CONDITIONS = DEBUG;
				SWIFT_OPTIMIZATION_LEVEL = "-Onone";
			};
			name = Debug;
		};
		3AB2841C2A9EF81700ACF944 /* Release */ = {
			isa = XCBuildConfiguration;
			buildSettings = {
				ALWAYS_SEARCH_USER_PATHS = NO;
				CLANG_ANALYZER_NONNULL = YES;
				CLANG_ANALYZER_NUMBER_OBJECT_CONVERSION = YES_AGGRESSIVE;
				CLANG_CXX_LANGUAGE_STANDARD = "gnu++20";
				CLANG_ENABLE_MODULES = YES;
				CLANG_ENABLE_OBJC_ARC = YES;
				CLANG_ENABLE_OBJC_WEAK = YES;
				CLANG_WARN_BLOCK_CAPTURE_AUTORELEASING = YES;
				CLANG_WARN_BOOL_CONVERSION = YES;
				CLANG_WARN_COMMA = YES;
				CLANG_WARN_CONSTANT_CONVERSION = YES;
				CLANG_WARN_DEPRECATED_OBJC_IMPLEMENTATIONS = YES;
				CLANG_WARN_DIRECT_OBJC_ISA_USAGE = YES_ERROR;
				CLANG_WARN_DOCUMENTATION_COMMENTS = YES;
				CLANG_WARN_EMPTY_BODY = YES;
				CLANG_WARN_ENUM_CONVERSION = YES;
				CLANG_WARN_INFINITE_RECURSION = YES;
				CLANG_WARN_INT_CONVERSION = YES;
				CLANG_WARN_NON_LITERAL_NULL_CONVERSION = YES;
				CLANG_WARN_OBJC_IMPLICIT_RETAIN_SELF = YES;
				CLANG_WARN_OBJC_LITERAL_CONVERSION = YES;
				CLANG_WARN_OBJC_ROOT_CLASS = YES_ERROR;
				CLANG_WARN_QUOTED_INCLUDE_IN_FRAMEWORK_HEADER = YES;
				CLANG_WARN_RANGE_LOOP_ANALYSIS = YES;
				CLANG_WARN_STRICT_PROTOTYPES = YES;
				CLANG_WARN_SUSPICIOUS_MOVE = YES;
				CLANG_WARN_UNGUARDED_AVAILABILITY = YES_AGGRESSIVE;
				CLANG_WARN_UNREACHABLE_CODE = YES;
				CLANG_WARN__DUPLICATE_METHOD_MATCH = YES;
				COPY_PHASE_STRIP = NO;
				DEBUG_INFORMATION_FORMAT = "dwarf-with-dsym";
				ENABLE_NS_ASSERTIONS = NO;
				ENABLE_STRICT_OBJC_MSGSEND = YES;
				GCC_C_LANGUAGE_STANDARD = gnu11;
				GCC_NO_COMMON_BLOCKS = YES;
				GCC_WARN_64_TO_32_BIT_CONVERSION = YES;
				GCC_WARN_ABOUT_RETURN_TYPE = YES_ERROR;
				GCC_WARN_UNDECLARED_SELECTOR = YES;
				GCC_WARN_UNINITIALIZED_AUTOS = YES_AGGRESSIVE;
				GCC_WARN_UNUSED_FUNCTION = YES;
				GCC_WARN_UNUSED_VARIABLE = YES;
				IPHONEOS_DEPLOYMENT_TARGET = 16.4;
				MTL_ENABLE_DEBUG_INFO = NO;
				MTL_FAST_MATH = YES;
				SDKROOT = iphoneos;
				SWIFT_COMPILATION_MODE = wholemodule;
				SWIFT_OPTIMIZATION_LEVEL = "-O";
				VALIDATE_PRODUCT = YES;
			};
			name = Release;
		};
		3AB2841E2A9EF81700ACF944 /* Debug */ = {
			isa = XCBuildConfiguration;
			baseConfigurationReference = C28706967B6DF4E3892F4AA8 /* Pods-NearTruck.debug.xcconfig */;
			buildSettings = {
				ASSETCATALOG_COMPILER_APPICON_NAME = AppIcon;
				ASSETCATALOG_COMPILER_GLOBAL_ACCENT_COLOR_NAME = AccentColor;
				CODE_SIGN_STYLE = Automatic;
				CURRENT_PROJECT_VERSION = 1;
				DEVELOPMENT_TEAM = 6M4C5C72YG;
				GENERATE_INFOPLIST_FILE = YES;
				INFOPLIST_FILE = NearTruck/Info.plist;
				INFOPLIST_KEY_UIApplicationSupportsIndirectInputEvents = YES;
				INFOPLIST_KEY_UILaunchStoryboardName = LaunchScreen;
				INFOPLIST_KEY_UIMainStoryboardFile = Main;
				INFOPLIST_KEY_UISupportedInterfaceOrientations_iPad = "UIInterfaceOrientationPortrait UIInterfaceOrientationPortraitUpsideDown UIInterfaceOrientationLandscapeLeft UIInterfaceOrientationLandscapeRight";
				INFOPLIST_KEY_UISupportedInterfaceOrientations_iPhone = "UIInterfaceOrientationPortrait UIInterfaceOrientationLandscapeLeft UIInterfaceOrientationLandscapeRight";
				IPHONEOS_DEPLOYMENT_TARGET = 15.0;
				LD_RUNPATH_SEARCH_PATHS = (
					"$(inherited)",
					"@executable_path/Frameworks",
				);
				MARKETING_VERSION = 1.0;
				PRODUCT_BUNDLE_IDENTIFIER = com.velmash.NearTruck.NearTruck;
				PRODUCT_NAME = "$(TARGET_NAME)";
				SWIFT_EMIT_LOC_STRINGS = YES;
				SWIFT_VERSION = 5.0;
				TARGETED_DEVICE_FAMILY = "1,2";
			};
			name = Debug;
		};
		3AB2841F2A9EF81700ACF944 /* Release */ = {
			isa = XCBuildConfiguration;
			baseConfigurationReference = BF377486E56391EB02450830 /* Pods-NearTruck.release.xcconfig */;
			buildSettings = {
				ASSETCATALOG_COMPILER_APPICON_NAME = AppIcon;
				ASSETCATALOG_COMPILER_GLOBAL_ACCENT_COLOR_NAME = AccentColor;
				CODE_SIGN_STYLE = Automatic;
				CURRENT_PROJECT_VERSION = 1;
				DEVELOPMENT_TEAM = 6M4C5C72YG;
				GENERATE_INFOPLIST_FILE = YES;
				INFOPLIST_FILE = NearTruck/Info.plist;
				INFOPLIST_KEY_UIApplicationSupportsIndirectInputEvents = YES;
				INFOPLIST_KEY_UILaunchStoryboardName = LaunchScreen;
				INFOPLIST_KEY_UIMainStoryboardFile = Main;
				INFOPLIST_KEY_UISupportedInterfaceOrientations_iPad = "UIInterfaceOrientationPortrait UIInterfaceOrientationPortraitUpsideDown UIInterfaceOrientationLandscapeLeft UIInterfaceOrientationLandscapeRight";
				INFOPLIST_KEY_UISupportedInterfaceOrientations_iPhone = "UIInterfaceOrientationPortrait UIInterfaceOrientationLandscapeLeft UIInterfaceOrientationLandscapeRight";
				IPHONEOS_DEPLOYMENT_TARGET = 15.0;
				LD_RUNPATH_SEARCH_PATHS = (
					"$(inherited)",
					"@executable_path/Frameworks",
				);
				MARKETING_VERSION = 1.0;
				PRODUCT_BUNDLE_IDENTIFIER = com.velmash.NearTruck.NearTruck;
				PRODUCT_NAME = "$(TARGET_NAME)";
				SWIFT_EMIT_LOC_STRINGS = YES;
				SWIFT_VERSION = 5.0;
				TARGETED_DEVICE_FAMILY = "1,2";
			};
			name = Release;
		};
		3AB284212A9EF81700ACF944 /* Debug */ = {
			isa = XCBuildConfiguration;
			baseConfigurationReference = 5874CB477B73AA147A97E0F0 /* Pods-NearTruckTests.debug.xcconfig */;
			buildSettings = {
				ALWAYS_EMBED_SWIFT_STANDARD_LIBRARIES = YES;
				BUNDLE_LOADER = "$(TEST_HOST)";
				CODE_SIGN_STYLE = Automatic;
				CURRENT_PROJECT_VERSION = 1;
				DEVELOPMENT_TEAM = FP8CB3BY93;
				GENERATE_INFOPLIST_FILE = YES;
				IPHONEOS_DEPLOYMENT_TARGET = 16.4;
				MARKETING_VERSION = 1.0;
				PRODUCT_BUNDLE_IDENTIFIER = com.velmash.NearTruck.NearTruckTests;
				PRODUCT_NAME = "$(TARGET_NAME)";
				SWIFT_EMIT_LOC_STRINGS = NO;
				SWIFT_VERSION = 5.0;
				TARGETED_DEVICE_FAMILY = "1,2";
				TEST_HOST = "$(BUILT_PRODUCTS_DIR)/NearTruck.app/$(BUNDLE_EXECUTABLE_FOLDER_PATH)/NearTruck";
			};
			name = Debug;
		};
		3AB284222A9EF81700ACF944 /* Release */ = {
			isa = XCBuildConfiguration;
			baseConfigurationReference = 6548EF3113D5669FD5F21EC2 /* Pods-NearTruckTests.release.xcconfig */;
			buildSettings = {
				ALWAYS_EMBED_SWIFT_STANDARD_LIBRARIES = YES;
				BUNDLE_LOADER = "$(TEST_HOST)";
				CODE_SIGN_STYLE = Automatic;
				CURRENT_PROJECT_VERSION = 1;
				DEVELOPMENT_TEAM = FP8CB3BY93;
				GENERATE_INFOPLIST_FILE = YES;
				IPHONEOS_DEPLOYMENT_TARGET = 16.4;
				MARKETING_VERSION = 1.0;
				PRODUCT_BUNDLE_IDENTIFIER = com.velmash.NearTruck.NearTruckTests;
				PRODUCT_NAME = "$(TARGET_NAME)";
				SWIFT_EMIT_LOC_STRINGS = NO;
				SWIFT_VERSION = 5.0;
				TARGETED_DEVICE_FAMILY = "1,2";
				TEST_HOST = "$(BUILT_PRODUCTS_DIR)/NearTruck.app/$(BUNDLE_EXECUTABLE_FOLDER_PATH)/NearTruck";
			};
			name = Release;
		};
		3AB284242A9EF81700ACF944 /* Debug */ = {
			isa = XCBuildConfiguration;
			baseConfigurationReference = 24CE404DF23DF3E018B01169 /* Pods-NearTruck-NearTruckUITests.debug.xcconfig */;
			buildSettings = {
				ALWAYS_EMBED_SWIFT_STANDARD_LIBRARIES = YES;
				CODE_SIGN_STYLE = Automatic;
				CURRENT_PROJECT_VERSION = 1;
				DEVELOPMENT_TEAM = FP8CB3BY93;
				GENERATE_INFOPLIST_FILE = YES;
				MARKETING_VERSION = 1.0;
				PRODUCT_BUNDLE_IDENTIFIER = com.velmash.NearTruck.NearTruckUITests;
				PRODUCT_NAME = "$(TARGET_NAME)";
				SWIFT_EMIT_LOC_STRINGS = NO;
				SWIFT_VERSION = 5.0;
				TARGETED_DEVICE_FAMILY = "1,2";
				TEST_TARGET_NAME = NearTruck;
			};
			name = Debug;
		};
		3AB284252A9EF81700ACF944 /* Release */ = {
			isa = XCBuildConfiguration;
			baseConfigurationReference = 23324602F9E32CBABDE6F6B0 /* Pods-NearTruck-NearTruckUITests.release.xcconfig */;
			buildSettings = {
				ALWAYS_EMBED_SWIFT_STANDARD_LIBRARIES = YES;
				CODE_SIGN_STYLE = Automatic;
				CURRENT_PROJECT_VERSION = 1;
				DEVELOPMENT_TEAM = FP8CB3BY93;
				GENERATE_INFOPLIST_FILE = YES;
				MARKETING_VERSION = 1.0;
				PRODUCT_BUNDLE_IDENTIFIER = com.velmash.NearTruck.NearTruckUITests;
				PRODUCT_NAME = "$(TARGET_NAME)";
				SWIFT_EMIT_LOC_STRINGS = NO;
				SWIFT_VERSION = 5.0;
				TARGETED_DEVICE_FAMILY = "1,2";
				TEST_TARGET_NAME = NearTruck;
			};
			name = Release;
		};
/* End XCBuildConfiguration section */

/* Begin XCConfigurationList section */
		3AB283EE2A9EF81600ACF944 /* Build configuration list for PBXProject "NearTruck" */ = {
			isa = XCConfigurationList;
			buildConfigurations = (
				3AB2841B2A9EF81700ACF944 /* Debug */,
				3AB2841C2A9EF81700ACF944 /* Release */,
			);
			defaultConfigurationIsVisible = 0;
			defaultConfigurationName = Release;
		};
		3AB2841D2A9EF81700ACF944 /* Build configuration list for PBXNativeTarget "NearTruck" */ = {
			isa = XCConfigurationList;
			buildConfigurations = (
				3AB2841E2A9EF81700ACF944 /* Debug */,
				3AB2841F2A9EF81700ACF944 /* Release */,
			);
			defaultConfigurationIsVisible = 0;
			defaultConfigurationName = Release;
		};
		3AB284202A9EF81700ACF944 /* Build configuration list for PBXNativeTarget "NearTruckTests" */ = {
			isa = XCConfigurationList;
			buildConfigurations = (
				3AB284212A9EF81700ACF944 /* Debug */,
				3AB284222A9EF81700ACF944 /* Release */,
			);
			defaultConfigurationIsVisible = 0;
			defaultConfigurationName = Release;
		};
		3AB284232A9EF81700ACF944 /* Build configuration list for PBXNativeTarget "NearTruckUITests" */ = {
			isa = XCConfigurationList;
			buildConfigurations = (
				3AB284242A9EF81700ACF944 /* Debug */,
				3AB284252A9EF81700ACF944 /* Release */,
			);
			defaultConfigurationIsVisible = 0;
			defaultConfigurationName = Release;
		};
/* End XCConfigurationList section */
	};
	rootObject = 3AB283EB2A9EF81600ACF944 /* Project object */;
}
